
Microsoft Visual Studio Solution File, Format Version 12.00
# Visual Studio Version 16
VisualStudioVersion = 16.0.30204.135
MinimumVisualStudioVersion = 10.0.40219.1
Project("{FAE04EC0-301F-11D3-BF4B-00C04F79EFBC}") = "WebAudioPlatform", "WebAudioPlatform.csproj", "{B5742DBE-BFCE-4EDC-8B5C-E77FF1914A19}"
EndProject
Global
	GlobalSection(SolutionConfigurationPlatforms) = preSolution
		Debug|Any CPU = Debug|Any CPU
		Release|Any CPU = Release|Any CPU
	EndGlobalSection
	GlobalSection(ProjectConfigurationPlatforms) = postSolution
		{B5742DBE-BFCE-4EDC-8B5C-E77FF1914A19}.Debug|Any CPU.ActiveCfg = Debug|Any CPU
		{B5742DBE-BFCE-4EDC-8B5C-E77FF1914A19}.Debug|Any CPU.Build.0 = Debug|Any CPU
		{B5742DBE-BFCE-4EDC-8B5C-E77FF1914A19}.Release|Any CPU.ActiveCfg = Release|Any CPU
		{B5742DBE-BFCE-4EDC-8B5C-E77FF1914A19}.Release|Any CPU.Build.0 = Release|Any CPU
	EndGlobalSection
	GlobalSection(SolutionProperties) = preSolution
		HideSolutionNode = FALSE
	EndGlobalSection
	GlobalSection(ExtensibilityGlobals) = postSolution
		SolutionGuid = {3B3EB520-CEDC-4B29-9363-D45BDF10A896}
	EndGlobalSection
EndGlobal
